{
	"name": "decrypt-nextauth-jwe",
	"version": "1.0.0",
	"lockfileVersion": 2,
	"requires": true,
	"packages": {
		"": {
			"name": "decrypt-nextauth-jwe",
			"version": "1.0.0",
			"license": "ISC",
			"dependencies": {
				"@panva/hkdf": "^1.1.1",
				"jose": "^4.14.4"
			},
			"devDependencies": {
				"typescript": "^5.1.6"
			}
		},
		"node_modules/@panva/hkdf": {
			"version": "1.1.1",
			"resolved": "https://registry.npmjs.org/@panva/hkdf/-/hkdf-1.1.1.tgz",
			"integrity": "sha512-dhPeilub1NuIG0X5Kvhh9lH4iW3ZsHlnzwgwbOlgwQ2wG1IqFzsgHqmKPk3WzsdWAeaxKJxgM0+W433RmN45GA==",
			"funding": {
				"url": "https://github.com/sponsors/panva"
			}
		},
		"node_modules/jose": {
			"version": "4.14.4",
			"resolved": "https://registry.npmjs.org/jose/-/jose-4.14.4.tgz",
			"integrity": "sha512-j8GhLiKmUAh+dsFXlX1aJCbt5KMibuKb+d7j1JaOJG6s2UjX1PQlW+OKB/sD4a/5ZYF4RcmYmLSndOoU3Lt/3g==",
			"funding": {
				"url": "https://github.com/sponsors/panva"
			}
		},
		"node_modules/typescript": {
			"version": "5.1.6",
			"resolved": "https://registry.npmjs.org/typescript/-/typescript-5.1.6.tgz",
			"integrity": "sha512-zaWCozRZ6DLEWAWFrVDz1H6FVXzUSfTy5FUMWsQlU8Ym5JP9eO4xkTIROFCQvhQf61z6O/G6ugw3SgAnvvm+HA==",
			"dev": true,
			"bin": {
				"tsc": "bin/tsc",
				"tsserver": "bin/tsserver"
			},
			"engines": {
				"node": ">=14.17"
			}
		}
	},
	"dependencies": {
		"@panva/hkdf": {
			"version": "1.1.1",
			"resolved": "https://registry.npmjs.org/@panva/hkdf/-/hkdf-1.1.1.tgz",
			"integrity": "sha512-dhPeilub1NuIG0X5Kvhh9lH4iW3ZsHlnzwgwbOlgwQ2wG1IqFzsgHqmKPk3WzsdWAeaxKJxgM0+W433RmN45GA=="
		},
		"jose": {
			"version": "4.14.4",
			"resolved": "https://registry.npmjs.org/jose/-/jose-4.14.4.tgz",
			"integrity": "sha512-j8GhLiKmUAh+dsFXlX1aJCbt5KMibuKb+d7j1JaOJG6s2UjX1PQlW+OKB/sD4a/5ZYF4RcmYmLSndOoU3Lt/3g=="
		},
		"typescript": {
			"version": "5.1.6",
			"resolved": "https://registry.npmjs.org/typescript/-/typescript-5.1.6.tgz",
			"integrity": "sha512-zaWCozRZ6DLEWAWFrVDz1H6FVXzUSfTy5FUMWsQlU8Ym5JP9eO4xkTIROFCQvhQf61z6O/G6ugw3SgAnvvm+HA==",
			"dev": true
		}
	}
}
